
Microsoft Visual Studio Solution File, Format Version 12.00
# Visual Studio Version 17
VisualStudioVersion = 17.5.33424.131
MinimumVisualStudioVersion = 10.0.40219.1
Project("{8BC9CEB8-8B4A-11D0-8D11-00A0C91BC942}") = "PolygonTriangle", "PoligonTriangle\PoligonTriangle.vcxproj", "{4ED39C07-6FBA-4119-9BA9-6419708ED787}"
EndProject
Project("{8BC9CEB8-8B4A-11D0-8D11-00A0C91BC942}") = "ContourTriangle", "ContourTriangle\ContourTriangle.vcxproj", "{DCDAEB1F-5764-413F-A4D1-FF2B28B598D3}"
EndProject
Project("{8BC9CEB8-8B4A-11D0-8D11-00A0C91BC942}") = "PointTriangle", "PointTriangle\PointTriangle.vcxproj", "{1AB573D7-F59C-4E06-BA29-747ADC37C93F}"
EndProject
Project("{8BC9CEB8-8B4A-11D0-8D11-00A0C91BC942}") = "FullTriangle", "FullTriangle\FullTriangle.vcxproj", "{A4BF2BA3-A61F-46AC-AE11-324622C8BF3E}"
EndProject
Project("{8BC9CEB8-8B4A-11D0-8D11-00A0C91BC942}") = "Circle", "Circle\Circle.vcxproj", "{A0A5D1B9-00D6-4920-BE3F-2056860651F3}"
EndProject
Project("{8BC9CEB8-8B4A-11D0-8D11-00A0C91BC942}") = "Octagon", "Octagon\Octagon.vcxproj", "{AE5A57F9-F941-4C14-B593-4E4E9404E970}"
EndProject
Project("{8BC9CEB8-8B4A-11D0-8D11-00A0C91BC942}") = "Pentagon", "Pentagon\Pentagon.vcxproj", "{B6786548-C1E8-4D0E-BD10-6582B697A04B}"
EndProject
Project("{8BC9CEB8-8B4A-11D0-8D11-00A0C91BC942}") = "Pacman", "Pacman\Pacman.vcxproj", "{517226C4-4445-4BC6-AE53-29A5C24CA1A9}"
EndProject
Project("{8BC9CEB8-8B4A-11D0-8D11-00A0C91BC942}") = "Pizza", "Pizza\Pizza.vcxproj", "{42E79726-A02E-4D55-96F4-E74D06E8DAAD}"
EndProject
Project("{8BC9CEB8-8B4A-11D0-8D11-00A0C91BC942}") = "Star", "Star\Star.vcxproj", "{D8E663D1-B7E7-45BE-972D-D601287F6806}"
EndProject
Project("{8BC9CEB8-8B4A-11D0-8D11-00A0C91BC942}") = "Spiral", "Spiral\Spiral.vcxproj", "{33B123FA-4165-463A-8846-4B31D3CA751C}"
EndProject
Project("{8BC9CEB8-8B4A-11D0-8D11-00A0C91BC942}") = "House", "House\House.vcxproj", "{9BA3AC1C-4033-4966-8069-B22AE8EC8BF0}"
EndProject
Project("{8BC9CEB8-8B4A-11D0-8D11-00A0C91BC942}") = "ColoredPointTriangle", "ColoredPointTriangle\ColoredPointTriangle.vcxproj", "{13F5114F-5FB3-4786-B874-FFE62D6A0860}"
EndProject
Global
	GlobalSection(SolutionConfigurationPlatforms) = preSolution
		Debug|x64 = Debug|x64
		Debug|x86 = Debug|x86
		Release|x64 = Release|x64
		Release|x86 = Release|x86
	EndGlobalSection
	GlobalSection(ProjectConfigurationPlatforms) = postSolution
		{4ED39C07-6FBA-4119-9BA9-6419708ED787}.Debug|x64.ActiveCfg = Debug|x64
		{4ED39C07-6FBA-4119-9BA9-6419708ED787}.Debug|x64.Build.0 = Debug|x64
		{4ED39C07-6FBA-4119-9BA9-6419708ED787}.Debug|x86.ActiveCfg = Debug|Win32
		{4ED39C07-6FBA-4119-9BA9-6419708ED787}.Debug|x86.Build.0 = Debug|Win32
		{4ED39C07-6FBA-4119-9BA9-6419708ED787}.Release|x64.ActiveCfg = Release|x64
		{4ED39C07-6FBA-4119-9BA9-6419708ED787}.Release|x64.Build.0 = Release|x64
		{4ED39C07-6FBA-4119-9BA9-6419708ED787}.Release|x86.ActiveCfg = Release|Win32
		{4ED39C07-6FBA-4119-9BA9-6419708ED787}.Release|x86.Build.0 = Release|Win32
		{DCDAEB1F-5764-413F-A4D1-FF2B28B598D3}.Debug|x64.ActiveCfg = Debug|x64
		{DCDAEB1F-5764-413F-A4D1-FF2B28B598D3}.Debug|x64.Build.0 = Debug|x64
		{DCDAEB1F-5764-413F-A4D1-FF2B28B598D3}.Debug|x86.ActiveCfg = Debug|Win32
		{DCDAEB1F-5764-413F-A4D1-FF2B28B598D3}.Debug|x86.Build.0 = Debug|Win32
		{DCDAEB1F-5764-413F-A4D1-FF2B28B598D3}.Release|x64.ActiveCfg = Release|x64
		{DCDAEB1F-5764-413F-A4D1-FF2B28B598D3}.Release|x64.Build.0 = Release|x64
		{DCDAEB1F-5764-413F-A4D1-FF2B28B598D3}.Release|x86.ActiveCfg = Release|Win32
		{DCDAEB1F-5764-413F-A4D1-FF2B28B598D3}.Release|x86.Build.0 = Release|Win32
		{1AB573D7-F59C-4E06-BA29-747ADC37C93F}.Debug|x64.ActiveCfg = Debug|x64
		{1AB573D7-F59C-4E06-BA29-747ADC37C93F}.Debug|x64.Build.0 = Debug|x64
		{1AB573D7-F59C-4E06-BA29-747ADC37C93F}.Debug|x86.ActiveCfg = Debug|Win32
		{1AB573D7-F59C-4E06-BA29-747ADC37C93F}.Debug|x86.Build.0 = Debug|Win32
		{1AB573D7-F59C-4E06-BA29-747ADC37C93F}.Release|x64.ActiveCfg = Release|x64
		{1AB573D7-F59C-4E06-BA29-747ADC37C93F}.Release|x64.Build.0 = Release|x64
		{1AB573D7-F59C-4E06-BA29-747ADC37C93F}.Release|x86.ActiveCfg = Release|Win32
		{1AB573D7-F59C-4E06-BA29-747ADC37C93F}.Release|x86.Build.0 = Release|Win32
		{A4BF2BA3-A61F-46AC-AE11-324622C8BF3E}.Debug|x64.ActiveCfg = Debug|x64
		{A4BF2BA3-A61F-46AC-AE11-324622C8BF3E}.Debug|x64.Build.0 = Debug|x64
		{A4BF2BA3-A61F-46AC-AE11-324622C8BF3E}.Debug|x86.ActiveCfg = Debug|Win32
		{A4BF2BA3-A61F-46AC-AE11-324622C8BF3E}.Debug|x86.Build.0 = Debug|Win32
		{A4BF2BA3-A61F-46AC-AE11-324622C8BF3E}.Release|x64.ActiveCfg = Release|x64
		{A4BF2BA3-A61F-46AC-AE11-324622C8BF3E}.Release|x64.Build.0 = Release|x64
		{A4BF2BA3-A61F-46AC-AE11-324622C8BF3E}.Release|x86.ActiveCfg = Release|Win32
		{A4BF2BA3-A61F-46AC-AE11-324622C8BF3E}.Release|x86.Build.0 = Release|Win32
		{A0A5D1B9-00D6-4920-BE3F-2056860651F3}.Debug|x64.ActiveCfg = Debug|x64
		{A0A5D1B9-00D6-4920-BE3F-2056860651F3}.Debug|x64.Build.0 = Debug|x64
		{A0A5D1B9-00D6-4920-BE3F-2056860651F3}.Debug|x86.ActiveCfg = Debug|Win32
		{A0A5D1B9-00D6-4920-BE3F-2056860651F3}.Debug|x86.Build.0 = Debug|Win32
		{A0A5D1B9-00D6-4920-BE3F-2056860651F3}.Release|x64.ActiveCfg = Release|x64
		{A0A5D1B9-00D6-4920-BE3F-2056860651F3}.Release|x64.Build.0 = Release|x64
		{A0A5D1B9-00D6-4920-BE3F-2056860651F3}.Release|x86.ActiveCfg = Release|Win32
		{A0A5D1B9-00D6-4920-BE3F-2056860651F3}.Release|x86.Build.0 = Release|Win32
		{AE5A57F9-F941-4C14-B593-4E4E9404E970}.Debug|x64.ActiveCfg = Debug|x64
		{AE5A57F9-F941-4C14-B593-4E4E9404E970}.Debug|x64.Build.0 = Debug|x64
		{AE5A57F9-F941-4C14-B593-4E4E9404E970}.Debug|x86.ActiveCfg = Debug|Win32
		{AE5A57F9-F941-4C14-B593-4E4E9404E970}.Debug|x86.Build.0 = Debug|Win32
		{AE5A57F9-F941-4C14-B593-4E4E9404E970}.Release|x64.ActiveCfg = Release|x64
		{AE5A57F9-F941-4C14-B593-4E4E9404E970}.Release|x64.Build.0 = Release|x64
		{AE5A57F9-F941-4C14-B593-4E4E9404E970}.Release|x86.ActiveCfg = Release|Win32
		{AE5A57F9-F941-4C14-B593-4E4E9404E970}.Release|x86.Build.0 = Release|Win32
		{B6786548-C1E8-4D0E-BD10-6582B697A04B}.Debug|x64.ActiveCfg = Debug|x64
		{B6786548-C1E8-4D0E-BD10-6582B697A04B}.Debug|x64.Build.0 = Debug|x64
		{B6786548-C1E8-4D0E-BD10-6582B697A04B}.Debug|x86.ActiveCfg = Debug|Win32
		{B6786548-C1E8-4D0E-BD10-6582B697A04B}.Debug|x86.Build.0 = Debug|Win32
		{B6786548-C1E8-4D0E-BD10-6582B697A04B}.Release|x64.ActiveCfg = Release|x64
		{B6786548-C1E8-4D0E-BD10-6582B697A04B}.Release|x64.Build.0 = Release|x64
		{B6786548-C1E8-4D0E-BD10-6582B697A04B}.Release|x86.ActiveCfg = Release|Win32
		{B6786548-C1E8-4D0E-BD10-6582B697A04B}.Release|x86.Build.0 = Release|Win32
		{517226C4-4445-4BC6-AE53-29A5C24CA1A9}.Debug|x64.ActiveCfg = Debug|x64
		{517226C4-4445-4BC6-AE53-29A5C24CA1A9}.Debug|x64.Build.0 = Debug|x64
		{517226C4-4445-4BC6-AE53-29A5C24CA1A9}.Debug|x86.ActiveCfg = Debug|Win32
		{517226C4-4445-4BC6-AE53-29A5C24CA1A9}.Debug|x86.Build.0 = Debug|Win32
		{517226C4-4445-4BC6-AE53-29A5C24CA1A9}.Release|x64.ActiveCfg = Release|x64
		{517226C4-4445-4BC6-AE53-29A5C24CA1A9}.Release|x64.Build.0 = Release|x64
		{517226C4-4445-4BC6-AE53-29A5C24CA1A9}.Release|x86.ActiveCfg = Release|Win32
		{517226C4-4445-4BC6-AE53-29A5C24CA1A9}.Release|x86.Build.0 = Release|Win32
		{42E79726-A02E-4D55-96F4-E74D06E8DAAD}.Debug|x64.ActiveCfg = Debug|x64
		{42E79726-A02E-4D55-96F4-E74D06E8DAAD}.Debug|x64.Build.0 = Debug|x64
		{42E79726-A02E-4D55-96F4-E74D06E8DAAD}.Debug|x86.ActiveCfg = Debug|Win32
		{42E79726-A02E-4D55-96F4-E74D06E8DAAD}.Debug|x86.Build.0 = Debug|Win32
		{42E79726-A02E-4D55-96F4-E74D06E8DAAD}.Release|x64.ActiveCfg = Release|x64
		{42E79726-A02E-4D55-96F4-E74D06E8DAAD}.Release|x64.Build.0 = Release|x64
		{42E79726-A02E-4D55-96F4-E74D06E8DAAD}.Release|x86.ActiveCfg = Release|Win32
		{42E79726-A02E-4D55-96F4-E74D06E8DAAD}.Release|x86.Build.0 = Release|Win32
		{D8E663D1-B7E7-45BE-972D-D601287F6806}.Debug|x64.ActiveCfg = Debug|x64
		{D8E663D1-B7E7-45BE-972D-D601287F6806}.Debug|x64.Build.0 = Debug|x64
		{D8E663D1-B7E7-45BE-972D-D601287F6806}.Debug|x86.ActiveCfg = Debug|Win32
		{D8E663D1-B7E7-45BE-972D-D601287F6806}.Debug|x86.Build.0 = Debug|Win32
		{D8E663D1-B7E7-45BE-972D-D601287F6806}.Release|x64.ActiveCfg = Release|x64
		{D8E663D1-B7E7-45BE-972D-D601287F6806}.Release|x64.Build.0 = Release|x64
		{D8E663D1-B7E7-45BE-972D-D601287F6806}.Release|x86.ActiveCfg = Release|Win32
		{D8E663D1-B7E7-45BE-972D-D601287F6806}.Release|x86.Build.0 = Release|Win32
		{33B123FA-4165-463A-8846-4B31D3CA751C}.Debug|x64.ActiveCfg = Debug|x64
		{33B123FA-4165-463A-8846-4B31D3CA751C}.Debug|x64.Build.0 = Debug|x64
		{33B123FA-4165-463A-8846-4B31D3CA751C}.Debug|x86.ActiveCfg = Debug|Win32
		{33B123FA-4165-463A-8846-4B31D3CA751C}.Debug|x86.Build.0 = Debug|Win32
		{33B123FA-4165-463A-8846-4B31D3CA751C}.Release|x64.ActiveCfg = Release|x64
		{33B123FA-4165-463A-8846-4B31D3CA751C}.Release|x64.Build.0 = Release|x64
		{33B123FA-4165-463A-8846-4B31D3CA751C}.Release|x86.ActiveCfg = Release|Win32
		{33B123FA-4165-463A-8846-4B31D3CA751C}.Release|x86.Build.0 = Release|Win32
		{9BA3AC1C-4033-4966-8069-B22AE8EC8BF0}.Debug|x64.ActiveCfg = Debug|x64
		{9BA3AC1C-4033-4966-8069-B22AE8EC8BF0}.Debug|x64.Build.0 = Debug|x64
		{9BA3AC1C-4033-4966-8069-B22AE8EC8BF0}.Debug|x86.ActiveCfg = Debug|Win32
		{9BA3AC1C-4033-4966-8069-B22AE8EC8BF0}.Debug|x86.Build.0 = Debug|Win32
		{9BA3AC1C-4033-4966-8069-B22AE8EC8BF0}.Release|x64.ActiveCfg = Release|x64
		{9BA3AC1C-4033-4966-8069-B22AE8EC8BF0}.Release|x64.Build.0 = Release|x64
		{9BA3AC1C-4033-4966-8069-B22AE8EC8BF0}.Release|x86.ActiveCfg = Release|Win32
		{9BA3AC1C-4033-4966-8069-B22AE8EC8BF0}.Release|x86.Build.0 = Release|Win32
		{13F5114F-5FB3-4786-B874-FFE62D6A0860}.Debug|x64.ActiveCfg = Debug|x64
		{13F5114F-5FB3-4786-B874-FFE62D6A0860}.Debug|x64.Build.0 = Debug|x64
		{13F5114F-5FB3-4786-B874-FFE62D6A0860}.Debug|x86.ActiveCfg = Debug|Win32
		{13F5114F-5FB3-4786-B874-FFE62D6A0860}.Debug|x86.Build.0 = Debug|Win32
		{13F5114F-5FB3-4786-B874-FFE62D6A0860}.Release|x64.ActiveCfg = Release|x64
		{13F5114F-5FB3-4786-B874-FFE62D6A0860}.Release|x64.Build.0 = Release|x64
		{13F5114F-5FB3-4786-B874-FFE62D6A0860}.Release|x86.ActiveCfg = Release|Win32
		{13F5114F-5FB3-4786-B874-FFE62D6A0860}.Release|x86.Build.0 = Release|Win32
	EndGlobalSection
	GlobalSection(SolutionProperties) = preSolution
		HideSolutionNode = FALSE
	EndGlobalSection
	GlobalSection(ExtensibilityGlobals) = postSolution
		SolutionGuid = {2F429E5C-4FED-4F7B-A953-60598E05AD29}
	EndGlobalSection
EndGlobal
